
Microsoft Visual Studio Solution File, Format Version 12.00
# Visual Studio Version 17
VisualStudioVersion = 17.0.31903.59
MinimumVisualStudioVersion = 10.0.40219.1
Project("{2150E333-8FDC-42A3-9474-1A3956D46DE8}") = "src", "src", "{DF1B4361-59AA-47DC-BF73-2F54AC3A859E}"
EndProject
Project("{FAE04EC0-301F-11D3-BF4B-00C04F79EFBC}") = "Solvintech.Application", "src\Solvintech.Application\Solvintech.Application.csproj", "{DD2CB64A-0237-4ED9-84F7-6C91193CFCBB}"
EndProject
Project("{FAE04EC0-301F-11D3-BF4B-00C04F79EFBC}") = "Solvintech.Core", "src\Solvintech.Core\Solvintech.Core.csproj", "{0DB8E942-79D2-484C-91C2-55BAA1FF977C}"
EndProject
Project("{FAE04EC0-301F-11D3-BF4B-00C04F79EFBC}") = "Solvintech.Infrastructure", "src\Solvintech.Infrastructure\Solvintech.Infrastructure.csproj", "{77F44CD1-2E0D-484D-B44C-4C045907EE95}"
EndProject
Project("{FAE04EC0-301F-11D3-BF4B-00C04F79EFBC}") = "Solvintech.Shared", "src\Solvintech.Shared\Solvintech.Shared.csproj", "{FCD2F9B5-1499-4CE0-A6B3-52E7A5F12486}"
EndProject
Project("{2150E333-8FDC-42A3-9474-1A3956D46DE8}") = "tests", "tests", "{1499B06E-C323-430B-B0DA-029E3594D1AF}"
EndProject
Project("{FAE04EC0-301F-11D3-BF4B-00C04F79EFBC}") = "Solvintech.UnitTests", "tests\Solvintech.UnitTests\Solvintech.UnitTests.csproj", "{0FA144E9-4402-46B7-8437-C8C63860FB19}"
EndProject
Project("{FAE04EC0-301F-11D3-BF4B-00C04F79EFBC}") = "Solvintech.IntegrationTests", "tests\Solvintech.IntegrationTests\Solvintech.IntegrationTests.csproj", "{D72FAFE2-7FD4-49C9-988A-70814C31D05B}"
EndProject
Project("{FAE04EC0-301F-11D3-BF4B-00C04F79EFBC}") = "Solvintech.Presentation", "src\Solvintech.Presentation\Solvintech.Presentation.csproj", "{FF48992C-4B4E-48E3-B45C-EEE458D8489F}"
EndProject
Global
	GlobalSection(SolutionConfigurationPlatforms) = preSolution
		Debug|Any CPU = Debug|Any CPU
		Release|Any CPU = Release|Any CPU
	EndGlobalSection
	GlobalSection(SolutionProperties) = preSolution
		HideSolutionNode = FALSE
	EndGlobalSection
	GlobalSection(ProjectConfigurationPlatforms) = postSolution
		{DD2CB64A-0237-4ED9-84F7-6C91193CFCBB}.Debug|Any CPU.ActiveCfg = Debug|Any CPU
		{DD2CB64A-0237-4ED9-84F7-6C91193CFCBB}.Debug|Any CPU.Build.0 = Debug|Any CPU
		{DD2CB64A-0237-4ED9-84F7-6C91193CFCBB}.Release|Any CPU.ActiveCfg = Release|Any CPU
		{DD2CB64A-0237-4ED9-84F7-6C91193CFCBB}.Release|Any CPU.Build.0 = Release|Any CPU
		{0DB8E942-79D2-484C-91C2-55BAA1FF977C}.Debug|Any CPU.ActiveCfg = Debug|Any CPU
		{0DB8E942-79D2-484C-91C2-55BAA1FF977C}.Debug|Any CPU.Build.0 = Debug|Any CPU
		{0DB8E942-79D2-484C-91C2-55BAA1FF977C}.Release|Any CPU.ActiveCfg = Release|Any CPU
		{0DB8E942-79D2-484C-91C2-55BAA1FF977C}.Release|Any CPU.Build.0 = Release|Any CPU
		{77F44CD1-2E0D-484D-B44C-4C045907EE95}.Debug|Any CPU.ActiveCfg = Debug|Any CPU
		{77F44CD1-2E0D-484D-B44C-4C045907EE95}.Debug|Any CPU.Build.0 = Debug|Any CPU
		{77F44CD1-2E0D-484D-B44C-4C045907EE95}.Release|Any CPU.ActiveCfg = Release|Any CPU
		{77F44CD1-2E0D-484D-B44C-4C045907EE95}.Release|Any CPU.Build.0 = Release|Any CPU
		{FCD2F9B5-1499-4CE0-A6B3-52E7A5F12486}.Debug|Any CPU.ActiveCfg = Debug|Any CPU
		{FCD2F9B5-1499-4CE0-A6B3-52E7A5F12486}.Debug|Any CPU.Build.0 = Debug|Any CPU
		{FCD2F9B5-1499-4CE0-A6B3-52E7A5F12486}.Release|Any CPU.ActiveCfg = Release|Any CPU
		{FCD2F9B5-1499-4CE0-A6B3-52E7A5F12486}.Release|Any CPU.Build.0 = Release|Any CPU
		{0FA144E9-4402-46B7-8437-C8C63860FB19}.Debug|Any CPU.ActiveCfg = Debug|Any CPU
		{0FA144E9-4402-46B7-8437-C8C63860FB19}.Debug|Any CPU.Build.0 = Debug|Any CPU
		{0FA144E9-4402-46B7-8437-C8C63860FB19}.Release|Any CPU.ActiveCfg = Release|Any CPU
		{0FA144E9-4402-46B7-8437-C8C63860FB19}.Release|Any CPU.Build.0 = Release|Any CPU
		{D72FAFE2-7FD4-49C9-988A-70814C31D05B}.Debug|Any CPU.ActiveCfg = Debug|Any CPU
		{D72FAFE2-7FD4-49C9-988A-70814C31D05B}.Debug|Any CPU.Build.0 = Debug|Any CPU
		{D72FAFE2-7FD4-49C9-988A-70814C31D05B}.Release|Any CPU.ActiveCfg = Release|Any CPU
		{D72FAFE2-7FD4-49C9-988A-70814C31D05B}.Release|Any CPU.Build.0 = Release|Any CPU
		{FF48992C-4B4E-48E3-B45C-EEE458D8489F}.Debug|Any CPU.ActiveCfg = Debug|Any CPU
		{FF48992C-4B4E-48E3-B45C-EEE458D8489F}.Debug|Any CPU.Build.0 = Debug|Any CPU
		{FF48992C-4B4E-48E3-B45C-EEE458D8489F}.Release|Any CPU.ActiveCfg = Release|Any CPU
		{FF48992C-4B4E-48E3-B45C-EEE458D8489F}.Release|Any CPU.Build.0 = Release|Any CPU
	EndGlobalSection
	GlobalSection(NestedProjects) = preSolution
		{DD2CB64A-0237-4ED9-84F7-6C91193CFCBB} = {DF1B4361-59AA-47DC-BF73-2F54AC3A859E}
		{0DB8E942-79D2-484C-91C2-55BAA1FF977C} = {DF1B4361-59AA-47DC-BF73-2F54AC3A859E}
		{77F44CD1-2E0D-484D-B44C-4C045907EE95} = {DF1B4361-59AA-47DC-BF73-2F54AC3A859E}
		{FCD2F9B5-1499-4CE0-A6B3-52E7A5F12486} = {DF1B4361-59AA-47DC-BF73-2F54AC3A859E}
		{0FA144E9-4402-46B7-8437-C8C63860FB19} = {1499B06E-C323-430B-B0DA-029E3594D1AF}
		{D72FAFE2-7FD4-49C9-988A-70814C31D05B} = {1499B06E-C323-430B-B0DA-029E3594D1AF}
		{FF48992C-4B4E-48E3-B45C-EEE458D8489F} = {DF1B4361-59AA-47DC-BF73-2F54AC3A859E}
	EndGlobalSection
EndGlobal
